
Microsoft Visual Studio Solution File, Format Version 12.00
# Visual Studio Version 16
VisualStudioVersion = 16.0.29215.179
MinimumVisualStudioVersion = 10.0.40219.1
Project("{8BC9CEB8-8B4A-11D0-8D11-00A0C91BC942}") = "reliable_data_transfer", "reliable_data_transfer\reliable_data_transfer.vcxproj", "{88DF2D96-E9B8-4A6E-8848-13FEB4D96830}"
EndProject
Global
	GlobalSection(SolutionConfigurationPlatforms) = preSolution
		Debug|x64 = Debug|x64
		Debug|x86 = Debug|x86
		Release|x64 = Release|x64
		Release|x86 = Release|x86
	EndGlobalSection
	GlobalSection(ProjectConfigurationPlatforms) = postSolution
		{88DF2D96-E9B8-4A6E-8848-13FEB4D96830}.Debug|x64.ActiveCfg = Debug|x64
		{88DF2D96-E9B8-4A6E-8848-13FEB4D96830}.Debug|x64.Build.0 = Debug|x64
		{88DF2D96-E9B8-4A6E-8848-13FEB4D96830}.Debug|x86.ActiveCfg = Debug|Win32
		{88DF2D96-E9B8-4A6E-8848-13FEB4D96830}.Debug|x86.Build.0 = Debug|Win32
		{88DF2D96-E9B8-4A6E-8848-13FEB4D96830}.Release|x64.ActiveCfg = Release|x64
		{88DF2D96-E9B8-4A6E-8848-13FEB4D96830}.Release|x64.Build.0 = Release|x64
		{88DF2D96-E9B8-4A6E-8848-13FEB4D96830}.Release|x86.ActiveCfg = Release|Win32
		{88DF2D96-E9B8-4A6E-8848-13FEB4D96830}.Release|x86.Build.0 = Release|Win32
	EndGlobalSection
	GlobalSection(SolutionProperties) = preSolution
		HideSolutionNode = FALSE
	EndGlobalSection
	GlobalSection(ExtensibilityGlobals) = postSolution
		SolutionGuid = {3C76E6E3-7CA4-48FF-BBE0-21273A292FE2}
	EndGlobalSection
EndGlobal
